
Microsoft Visual Studio Solution File, Format Version 12.00
# Visual Studio Version 16
VisualStudioVersion = 16.0.30503.244
MinimumVisualStudioVersion = 10.0.40219.1
Project("{FAE04EC0-301F-11D3-BF4B-00C04F79EFBC}") = "Hangman Version 2", "Hangman Version 2\Hangman Version 2.csproj", "{A233BEAC-F7B5-45B6-86F3-BBC236519F7A}"
EndProject
Global
	GlobalSection(SolutionConfigurationPlatforms) = preSolution
		Debug|Any CPU = Debug|Any CPU
		Release|Any CPU = Release|Any CPU
	EndGlobalSection
	GlobalSection(ProjectConfigurationPlatforms) = postSolution
		{A233BEAC-F7B5-45B6-86F3-BBC236519F7A}.Debug|Any CPU.ActiveCfg = Debug|Any CPU
		{A233BEAC-F7B5-45B6-86F3-BBC236519F7A}.Debug|Any CPU.Build.0 = Debug|Any CPU
		{A233BEAC-F7B5-45B6-86F3-BBC236519F7A}.Release|Any CPU.ActiveCfg = Release|Any CPU
		{A233BEAC-F7B5-45B6-86F3-BBC236519F7A}.Release|Any CPU.Build.0 = Release|Any CPU
	EndGlobalSection
	GlobalSection(SolutionProperties) = preSolution
		HideSolutionNode = FALSE
	EndGlobalSection
	GlobalSection(ExtensibilityGlobals) = postSolution
		SolutionGuid = {0E02D6C7-FBE1-49C0-90D9-A32A8B3AD897}
	EndGlobalSection
EndGlobal
